
Microsoft Visual Studio Solution File, Format Version 12.00
# Visual Studio Version 18
VisualStudioVersion = 18.0.11217.181 d18.0
MinimumVisualStudioVersion = 10.0.40219.1
Project("{FAE04EC0-301F-11D3-BF4B-00C04F79EFBC}") = "EF_Core", "EF_Core\EF_Core.csproj", "{07EA4158-E5B6-406B-8F1B-9AF5E3C8506C}"
EndProject
Project("{FAE04EC0-301F-11D3-BF4B-00C04F79EFBC}") = "GestioneFattureClienti", "GestioneFattureClienti\GestioneFattureClienti.csproj", "{6A81B083-7EF9-46F3-BF5B-6E18F7C253BC}"
EndProject
Project("{FAE04EC0-301F-11D3-BF4B-00C04F79EFBC}") = "Database_Romanzi", "Database_Romanzi\Database_Romanzi.csproj", "{F2B17E87-F8D3-48FF-A6DD-4AC4DEB9BAB5}"
EndProject
Project("{FAE04EC0-301F-11D3-BF4B-00C04F79EFBC}") = "UtilizziComputer", "UtilizziComputer\UtilizziComputer.csproj", "{AAAD2F69-4A9B-4AB4-8F16-340A8A8FE2E9}"
EndProject
Project("{FAE04EC0-301F-11D3-BF4B-00C04F79EFBC}") = "Università", "Università\Università.csproj", "{D6376D78-2F92-4378-9330-2A73D45C4CEE}"
EndProject
Project("{FAE04EC0-301F-11D3-BF4B-00C04F79EFBC}") = "UtilizziComputer2", "UtilizziComputer2\UtilizziComputer2.csproj", "{2CD4CD84-52FA-43D5-B003-2CA2BF462E39}"
EndProject
Project("{FAE04EC0-301F-11D3-BF4B-00C04F79EFBC}") = "UtilizziComputer3", "UtilizziComputer3\UtilizziComputer3.csproj", "{22C41A06-5770-4BC0-8A35-CAF8245D3C4A}"
EndProject
Global
	GlobalSection(SolutionConfigurationPlatforms) = preSolution
		Debug|Any CPU = Debug|Any CPU
		Release|Any CPU = Release|Any CPU
	EndGlobalSection
	GlobalSection(ProjectConfigurationPlatforms) = postSolution
		{07EA4158-E5B6-406B-8F1B-9AF5E3C8506C}.Debug|Any CPU.ActiveCfg = Debug|Any CPU
		{07EA4158-E5B6-406B-8F1B-9AF5E3C8506C}.Debug|Any CPU.Build.0 = Debug|Any CPU
		{07EA4158-E5B6-406B-8F1B-9AF5E3C8506C}.Release|Any CPU.ActiveCfg = Release|Any CPU
		{07EA4158-E5B6-406B-8F1B-9AF5E3C8506C}.Release|Any CPU.Build.0 = Release|Any CPU
		{6A81B083-7EF9-46F3-BF5B-6E18F7C253BC}.Debug|Any CPU.ActiveCfg = Debug|Any CPU
		{6A81B083-7EF9-46F3-BF5B-6E18F7C253BC}.Debug|Any CPU.Build.0 = Debug|Any CPU
		{6A81B083-7EF9-46F3-BF5B-6E18F7C253BC}.Release|Any CPU.ActiveCfg = Release|Any CPU
		{6A81B083-7EF9-46F3-BF5B-6E18F7C253BC}.Release|Any CPU.Build.0 = Release|Any CPU
		{F2B17E87-F8D3-48FF-A6DD-4AC4DEB9BAB5}.Debug|Any CPU.ActiveCfg = Debug|Any CPU
		{F2B17E87-F8D3-48FF-A6DD-4AC4DEB9BAB5}.Debug|Any CPU.Build.0 = Debug|Any CPU
		{F2B17E87-F8D3-48FF-A6DD-4AC4DEB9BAB5}.Release|Any CPU.ActiveCfg = Release|Any CPU
		{F2B17E87-F8D3-48FF-A6DD-4AC4DEB9BAB5}.Release|Any CPU.Build.0 = Release|Any CPU
		{AAAD2F69-4A9B-4AB4-8F16-340A8A8FE2E9}.Debug|Any CPU.ActiveCfg = Debug|Any CPU
		{AAAD2F69-4A9B-4AB4-8F16-340A8A8FE2E9}.Debug|Any CPU.Build.0 = Debug|Any CPU
		{AAAD2F69-4A9B-4AB4-8F16-340A8A8FE2E9}.Release|Any CPU.ActiveCfg = Release|Any CPU
		{AAAD2F69-4A9B-4AB4-8F16-340A8A8FE2E9}.Release|Any CPU.Build.0 = Release|Any CPU
		{D6376D78-2F92-4378-9330-2A73D45C4CEE}.Debug|Any CPU.ActiveCfg = Debug|Any CPU
		{D6376D78-2F92-4378-9330-2A73D45C4CEE}.Debug|Any CPU.Build.0 = Debug|Any CPU
		{D6376D78-2F92-4378-9330-2A73D45C4CEE}.Release|Any CPU.ActiveCfg = Release|Any CPU
		{D6376D78-2F92-4378-9330-2A73D45C4CEE}.Release|Any CPU.Build.0 = Release|Any CPU
		{2CD4CD84-52FA-43D5-B003-2CA2BF462E39}.Debug|Any CPU.ActiveCfg = Debug|Any CPU
		{2CD4CD84-52FA-43D5-B003-2CA2BF462E39}.Debug|Any CPU.Build.0 = Debug|Any CPU
		{2CD4CD84-52FA-43D5-B003-2CA2BF462E39}.Release|Any CPU.ActiveCfg = Release|Any CPU
		{2CD4CD84-52FA-43D5-B003-2CA2BF462E39}.Release|Any CPU.Build.0 = Release|Any CPU
		{22C41A06-5770-4BC0-8A35-CAF8245D3C4A}.Debug|Any CPU.ActiveCfg = Debug|Any CPU
		{22C41A06-5770-4BC0-8A35-CAF8245D3C4A}.Debug|Any CPU.Build.0 = Debug|Any CPU
		{22C41A06-5770-4BC0-8A35-CAF8245D3C4A}.Release|Any CPU.ActiveCfg = Release|Any CPU
		{22C41A06-5770-4BC0-8A35-CAF8245D3C4A}.Release|Any CPU.Build.0 = Release|Any CPU
	EndGlobalSection
	GlobalSection(SolutionProperties) = preSolution
		HideSolutionNode = FALSE
	EndGlobalSection
	GlobalSection(ExtensibilityGlobals) = postSolution
		SolutionGuid = {02379EA6-3758-4314-80A1-2FF8232F00F9}
	EndGlobalSection
EndGlobal
